
Microsoft Visual Studio Solution File, Format Version 12.00
# Visual Studio Version 17
VisualStudioVersion = 17.2.32526.322
MinimumVisualStudioVersion = 10.0.40219.1
Project("{9A19103F-16F7-4668-BE54-9A1E7A4F7556}") = "QATest", "QATest\QATest.csproj", "{1A3783D0-71B9-47A2-93B7-B61D7DE59D13}"
EndProject
Project("{9A19103F-16F7-4668-BE54-9A1E7A4F7556}") = "QATestEncoding", "ConsoleApp1\QATestEncoding.csproj", "{99873AD7-558B-4F66-A9D0-20EDCF702FBD}"
EndProject
Project("{FAE04EC0-301F-11D3-BF4B-00C04F79EFBC}") = "LanguageDetector", "LanguageDetector\LanguageDetector.csproj", "{F15CDBB4-0B7E-4B2A-A5EA-5F1EA03A8CA0}"
EndProject
Global
	GlobalSection(SolutionConfigurationPlatforms) = preSolution
		Debug|Any CPU = Debug|Any CPU
		Release|Any CPU = Release|Any CPU
	EndGlobalSection
	GlobalSection(ProjectConfigurationPlatforms) = postSolution
		{1A3783D0-71B9-47A2-93B7-B61D7DE59D13}.Debug|Any CPU.ActiveCfg = Debug|Any CPU
		{1A3783D0-71B9-47A2-93B7-B61D7DE59D13}.Debug|Any CPU.Build.0 = Debug|Any CPU
		{1A3783D0-71B9-47A2-93B7-B61D7DE59D13}.Release|Any CPU.ActiveCfg = Release|Any CPU
		{1A3783D0-71B9-47A2-93B7-B61D7DE59D13}.Release|Any CPU.Build.0 = Release|Any CPU
		{99873AD7-558B-4F66-A9D0-20EDCF702FBD}.Debug|Any CPU.ActiveCfg = Debug|Any CPU
		{99873AD7-558B-4F66-A9D0-20EDCF702FBD}.Debug|Any CPU.Build.0 = Debug|Any CPU
		{99873AD7-558B-4F66-A9D0-20EDCF702FBD}.Release|Any CPU.ActiveCfg = Release|Any CPU
		{99873AD7-558B-4F66-A9D0-20EDCF702FBD}.Release|Any CPU.Build.0 = Release|Any CPU
		{F15CDBB4-0B7E-4B2A-A5EA-5F1EA03A8CA0}.Debug|Any CPU.ActiveCfg = Debug|Any CPU
		{F15CDBB4-0B7E-4B2A-A5EA-5F1EA03A8CA0}.Debug|Any CPU.Build.0 = Debug|Any CPU
		{F15CDBB4-0B7E-4B2A-A5EA-5F1EA03A8CA0}.Release|Any CPU.ActiveCfg = Release|Any CPU
		{F15CDBB4-0B7E-4B2A-A5EA-5F1EA03A8CA0}.Release|Any CPU.Build.0 = Release|Any CPU
	EndGlobalSection
	GlobalSection(SolutionProperties) = preSolution
		HideSolutionNode = FALSE
	EndGlobalSection
	GlobalSection(ExtensibilityGlobals) = postSolution
		SolutionGuid = {9CD3CB17-60EC-41BB-A956-775996141ADD}
	EndGlobalSection
EndGlobal
