
Microsoft Visual Studio Solution File, Format Version 12.00
# Visual Studio Version 17
VisualStudioVersion = 17.2.32526.322
MinimumVisualStudioVersion = 10.0.40219.1
Project("{9A19103F-16F7-4668-BE54-9A1E7A4F7556}") = "QATest", "QATest\QATest.csproj", "{1A3783D0-71B9-47A2-93B7-B61D7DE59D13}"
EndProject
Global
	GlobalSection(SolutionConfigurationPlatforms) = preSolution
		Debug|Any CPU = Debug|Any CPU
		Release|Any CPU = Release|Any CPU
	EndGlobalSection
	GlobalSection(ProjectConfigurationPlatforms) = postSolution
		{1A3783D0-71B9-47A2-93B7-B61D7DE59D13}.Debug|Any CPU.ActiveCfg = Debug|Any CPU
		{1A3783D0-71B9-47A2-93B7-B61D7DE59D13}.Debug|Any CPU.Build.0 = Debug|Any CPU
		{1A3783D0-71B9-47A2-93B7-B61D7DE59D13}.Release|Any CPU.ActiveCfg = Release|Any CPU
		{1A3783D0-71B9-47A2-93B7-B61D7DE59D13}.Release|Any CPU.Build.0 = Release|Any CPU
	EndGlobalSection
	GlobalSection(SolutionProperties) = preSolution
		HideSolutionNode = FALSE
	EndGlobalSection
	GlobalSection(ExtensibilityGlobals) = postSolution
		SolutionGuid = {9CD3CB17-60EC-41BB-A956-775996141ADD}
	EndGlobalSection
EndGlobal
